// !$*UTF8*$!
{
	archiveVersion = 1;
	classes = {
	};
	objectVersion = 50;
	objects = {

/* Begin PBXBuildFile section */
		4EEE314821E906CB002E0E3C /* AppDelegate.swift in Sources */ = {isa = PBXBuildFile; fileRef = 4EEE314721E906CB002E0E3C /* AppDelegate.swift */; };
		4EEE314A21E906CC002E0E3C /* MapScreen.swift in Sources */ = {isa = PBXBuildFile; fileRef = 4EEE314921E906CC002E0E3C /* MapScreen.swift */; };
		4EEE314D21E906CC002E0E3C /* Main.storyboard in Resources */ = {isa = PBXBuildFile; fileRef = 4EEE314B21E906CC002E0E3C /* Main.storyboard */; };
		4EEE314F21E906CE002E0E3C /* Assets.xcassets in Resources */ = {isa = PBXBuildFile; fileRef = 4EEE314E21E906CE002E0E3C /* Assets.xcassets */; };
		4EEE315221E906CE002E0E3C /* LaunchScreen.storyboard in Resources */ = {isa = PBXBuildFile; fileRef = 4EEE315021E906CE002E0E3C /* LaunchScreen.storyboard */; };
		4EEE315A21EA961A002E0E3C /* CustomNavigationController.swift in Sources */ = {isa = PBXBuildFile; fileRef = 4EEE315921EA961A002E0E3C /* CustomNavigationController.swift */; };
/* End PBXBuildFile section */

/* Begin PBXFileReference section */
		4EEE314421E906CB002E0E3C /* GPSApp.app */ = {isa = PBXFileReference; explicitFileType = wrapper.application; includeInIndex = 0; path = GPSApp.app; sourceTree = BUILT_PRODUCTS_DIR; };
		4EEE314721E906CB002E0E3C /* AppDelegate.swift */ = {isa = PBXFileReference; lastKnownFileType = sourcecode.swift; path = AppDelegate.swift; sourceTree = "<group>"; };
		4EEE314921E906CC002E0E3C /* MapScreen.swift */ = {isa = PBXFileReference; lastKnownFileType = sourcecode.swift; path = MapScreen.swift; sourceTree = "<group>"; };
		4EEE314C21E906CC002E0E3C /* Base */ = {isa = PBXFileReference; lastKnownFileType = file.storyboard; name = Base; path = Base.lproj/Main.storyboard; sourceTree = "<group>"; };
		4EEE314E21E906CE002E0E3C /* Assets.xcassets */ = {isa = PBXFileReference; lastKnownFileType = folder.assetcatalog; path = Assets.xcassets; sourceTree = "<group>"; };
		4EEE315121E906CE002E0E3C /* Base */ = {isa = PBXFileReference; lastKnownFileType = file.storyboard; name = Base; path = Base.lproj/LaunchScreen.storyboard; sourceTree = "<group>"; };
		4EEE315321E906CE002E0E3C /* Info.plist */ = {isa = PBXFileReference; lastKnownFileType = text.plist.xml; path = Info.plist; sourceTree = "<group>"; };
		4EEE315921EA961A002E0E3C /* CustomNavigationController.swift */ = {isa = PBXFileReference; lastKnownFileType = sourcecode.swift; path = CustomNavigationController.swift; sourceTree = "<group>"; };
/* End PBXFileReference section */

/* Begin PBXFrameworksBuildPhase section */
		4EEE314121E906CB002E0E3C /* Frameworks */ = {
			isa = PBXFrameworksBuildPhase;
			buildActionMask = 2147483647;
			files = (
			);
			runOnlyForDeploymentPostprocessing = 0;
		};
/* End PBXFrameworksBuildPhase section */

/* Begin PBXGroup section */
		4EEE313B21E906CB002E0E3C = {
			isa = PBXGroup;
			children = (
				4EEE314621E906CB002E0E3C /* GPSApp */,
				4EEE314521E906CB002E0E3C /* Products */,
			);
			sourceTree = "<group>";
		};
		4EEE314521E906CB002E0E3C /* Products */ = {
			isa = PBXGroup;
			children = (
				4EEE314421E906CB002E0E3C /* GPSApp.app */,
			);
			name = Products;
			sourceTree = "<group>";
		};
		4EEE314621E906CB002E0E3C /* GPSApp */ = {
			isa = PBXGroup;
			children = (
				4EEE314721E906CB002E0E3C /* AppDelegate.swift */,
				4EEE314921E906CC002E0E3C /* MapScreen.swift */,
				4EEE314B21E906CC002E0E3C /* Main.storyboard */,
				4EEE314E21E906CE002E0E3C /* Assets.xcassets */,
				4EEE315021E906CE002E0E3C /* LaunchScreen.storyboard */,
				4EEE315321E906CE002E0E3C /* Info.plist */,
				4EEE315921EA961A002E0E3C /* CustomNavigationController.swift */,
			);
			path = GPSApp;
			sourceTree = "<group>";
		};
/* End PBXGroup section */

/* Begin PBXNativeTarget section */
		4EEE314321E906CB002E0E3C /* GPSApp */ = {
			isa = PBXNativeTarget;
			buildConfigurationList = 4EEE315621E906CE002E0E3C /* Build configuration list for PBXNativeTarget "GPSApp" */;
			buildPhases = (
				4EEE314021E906CB002E0E3C /* Sources */,
				4EEE314121E906CB002E0E3C /* Frameworks */,
				4EEE314221E906CB002E0E3C /* Resources */,
			);
			buildRules = (
			);
			dependencies = (
			);
			name = GPSApp;
			productName = GPSApp;
			productReference = 4EEE314421E906CB002E0E3C /* GPSApp.app */;
			productType = "com.apple.product-type.application";
		};
/* End PBXNativeTarget section */

/* Begin PBXProject section */
		4EEE313C21E906CB002E0E3C /* Project object */ = {
			isa = PBXProject;
			attributes = {
				LastSwiftUpdateCheck = 1010;
				LastUpgradeCheck = 1010;
				ORGANIZATIONNAME = "Nico D";
				TargetAttributes = {
					4EEE314321E906CB002E0E3C = {
						CreatedOnToolsVersion = 10.1;
					};
				};
			};
			buildConfigurationList = 4EEE313F21E906CB002E0E3C /* Build configuration list for PBXProject "GPSApp" */;
			compatibilityVersion = "Xcode 9.3";
			developmentRegion = en;
			hasScannedForEncodings = 0;
			knownRegions = (
				en,
				Base,
			);
			mainGroup = 4EEE313B21E906CB002E0E3C;
			productRefGroup = 4EEE314521E906CB002E0E3C /* Products */;
			projectDirPath = "";
			projectRoot = "";
			targets = (
				4EEE314321E906CB002E0E3C /* GPSApp */,
			);
		};
/* End PBXProject section */

/* Begin PBXResourcesBuildPhase section */
		4EEE314221E906CB002E0E3C /* Resources */ = {
			isa = PBXResourcesBuildPhase;
			buildActionMask = 2147483647;
			files = (
				4EEE315221E906CE002E0E3C /* LaunchScreen.storyboard in Resources */,
				4EEE314F21E906CE002E0E3C /* Assets.xcassets in Resources */,
				4EEE314D21E906CC002E0E3C /* Main.storyboard in Resources */,
			);
			runOnlyForDeploymentPostprocessing = 0;
		};
/* End PBXResourcesBuildPhase section */

/* Begin PBXSourcesBuildPhase section */
		4EEE314021E906CB002E0E3C /* Sources */ = {
			isa = PBXSourcesBuildPhase;
			buildActionMask = 2147483647;
			files = (
				4EEE315A21EA961A002E0E3C /* CustomNavigationController.swift in Sources */,
				4EEE314A21E906CC002E0E3C /* MapScreen.swift in Sources */,
				4EEE314821E906CB002E0E3C /* AppDelegate.swift in Sources */,
			);
			runOnlyForDeploymentPostprocessing = 0;
		};
/* End PBXSourcesBuildPhase section */

/* Begin PBXVariantGroup section */
		4EEE314B21E906CC002E0E3C /* Main.storyboard */ = {
			isa = PBXVariantGroup;
			children = (
				4EEE314C21E906CC002E0E3C /* Base */,
			);
			name = Main.storyboard;
			sourceTree = "<group>";
		};
		4EEE315021E906CE002E0E3C /* LaunchScreen.storyboard */ = {
			isa = PBXVariantGroup;
			children = (
				4EEE315121E906CE002E0E3C /* Base */,
			);
			name = LaunchScreen.storyboard;
			sourceTree = "<group>";
		};
/* End PBXVariantGroup section */

/* Begin XCBuildConfiguration section */
		4EEE315421E906CE002E0E3C /* Debug */ = {
			isa = XCBuildConfiguration;
			buildSettings = {
				ALWAYS_SEARCH_USER_PATHS = NO;
				CLANG_ANALYZER_NONNULL = YES;
				CLANG_ANALYZER_NUMBER_OBJECT_CONVERSION = YES_AGGRESSIVE;
				CLANG_CXX_LANGUAGE_STANDARD = "gnu++14";
				CLANG_CXX_LIBRARY = "libc++";
				CLANG_ENABLE_MODULES = YES;
				CLANG_ENABLE_OBJC_ARC = YES;
				CLANG_ENABLE_OBJC_WEAK = YES;
				CLANG_WARN_BLOCK_CAPTURE_AUTORELEASING = YES;
				CLANG_WARN_BOOL_CONVERSION = YES;
				CLANG_WARN_COMMA = YES;
				CLANG_WARN_CONSTANT_CONVERSION = YES;
				CLANG_WARN_DEPRECATED_OBJC_IMPLEMENTATIONS = YES;
				CLANG_WARN_DIRECT_OBJC_ISA_USAGE = YES_ERROR;
				CLANG_WARN_DOCUMENTATION_COMMENTS = YES;
				CLANG_WARN_EMPTY_BODY = YES;
				CLANG_WARN_ENUM_CONVERSION = YES;
				CLANG_WARN_INFINITE_RECURSION = YES;
				CLANG_WARN_INT_CONVERSION = YES;
				CLANG_WARN_NON_LITERAL_NULL_CONVERSION = YES;
				CLANG_WARN_OBJC_IMPLICIT_RETAIN_SELF = YES;
				CLANG_WARN_OBJC_LITERAL_CONVERSION = YES;
				CLANG_WARN_OBJC_ROOT_CLASS = YES_ERROR;
				CLANG_WARN_RANGE_LOOP_ANALYSIS = YES;
				CLANG_WARN_STRICT_PROTOTYPES = YES;
				CLANG_WARN_SUSPICIOUS_MOVE = YES;
				CLANG_WARN_UNGUARDED_AVAILABILITY = YES_AGGRESSIVE;
				CLANG_WARN_UNREACHABLE_CODE = YES;
				CLANG_WARN__DUPLICATE_METHOD_MATCH = YES;
				CODE_SIGN_IDENTITY = "iPhone Developer";
				COPY_PHASE_STRIP = NO;
				DEBUG_INFORMATION_FORMAT = dwarf;
				ENABLE_STRICT_OBJC_MSGSEND = YES;
				ENABLE_TESTABILITY = YES;
				GCC_C_LANGUAGE_STANDARD = gnu11;
				GCC_DYNAMIC_NO_PIC = NO;
				GCC_NO_COMMON_BLOCKS = YES;
				GCC_OPTIMIZATION_LEVEL = 0;
				GCC_PREPROCESSOR_DEFINITIONS = (
					"DEBUG=1",
					"$(inherited)",
				);
				GCC_WARN_64_TO_32_BIT_CONVERSION = YES;
				GCC_WARN_ABOUT_RETURN_TYPE = YES_ERROR;
				GCC_WARN_UNDECLARED_SELECTOR = YES;
				GCC_WARN_UNINITIALIZED_AUTOS = YES_AGGRESSIVE;
				GCC_WARN_UNUSED_FUNCTION = YES;
				GCC_WARN_UNUSED_VARIABLE = YES;
				IPHONEOS_DEPLOYMENT_TARGET = 12.1;
				MTL_ENABLE_DEBUG_INFO = INCLUDE_SOURCE;
				MTL_FAST_MATH = YES;
				ONLY_ACTIVE_ARCH = YES;
				SDKROOT = iphoneos;
				SWIFT_ACTIVE_COMPILATION_CONDITIONS = DEBUG;
				SWIFT_OPTIMIZATION_LEVEL = "-Onone";
			};
			name = Debug;
		};
		4EEE315521E906CE002E0E3C /* Release */ = {
			isa = XCBuildConfiguration;
			buildSettings = {
				ALWAYS_SEARCH_USER_PATHS = NO;
				CLANG_ANALYZER_NONNULL = YES;
				CLANG_ANALYZER_NUMBER_OBJECT_CONVERSION = YES_AGGRESSIVE;
				CLANG_CXX_LANGUAGE_STANDARD = "gnu++14";
				CLANG_CXX_LIBRARY = "libc++";
				CLANG_ENABLE_MODULES = YES;
				CLANG_ENABLE_OBJC_ARC = YES;
				CLANG_ENABLE_OBJC_WEAK = YES;
				CLANG_WARN_BLOCK_CAPTURE_AUTORELEASING = YES;
				CLANG_WARN_BOOL_CONVERSION = YES;
				CLANG_WARN_COMMA = YES;
				CLANG_WARN_CONSTANT_CONVERSION = YES;
				CLANG_WARN_DEPRECATED_OBJC_IMPLEMENTATIONS = YES;
				CLANG_WARN_DIRECT_OBJC_ISA_USAGE = YES_ERROR;
				CLANG_WARN_DOCUMENTATION_COMMENTS = YES;
				CLANG_WARN_EMPTY_BODY = YES;
				CLANG_WARN_ENUM_CONVERSION = YES;
				CLANG_WARN_INFINITE_RECURSION = YES;
				CLANG_WARN_INT_CONVERSION = YES;
				CLANG_WARN_NON_LITERAL_NULL_CONVERSION = YES;
				CLANG_WARN_OBJC_IMPLICIT_RETAIN_SELF = YES;
				CLANG_WARN_OBJC_LITERAL_CONVERSION = YES;
				CLANG_WARN_OBJC_ROOT_CLASS = YES_ERROR;
				CLANG_WARN_RANGE_LOOP_ANALYSIS = YES;
				CLANG_WARN_STRICT_PROTOTYPES = YES;
				CLANG_WARN_SUSPICIOUS_MOVE = YES;
				CLANG_WARN_UNGUARDED_AVAILABILITY = YES_AGGRESSIVE;
				CLANG_WARN_UNREACHABLE_CODE = YES;
				CLANG_WARN__DUPLICATE_METHOD_MATCH = YES;
				CODE_SIGN_IDENTITY = "iPhone Developer";
				COPY_PHASE_STRIP = NO;
				DEBUG_INFORMATION_FORMAT = "dwarf-with-dsym";
				ENABLE_NS_ASSERTIONS = NO;
				ENABLE_STRICT_OBJC_MSGSEND = YES;
				GCC_C_LANGUAGE_STANDARD = gnu11;
				GCC_NO_COMMON_BLOCKS = YES;
				GCC_WARN_64_TO_32_BIT_CONVERSION = YES;
				GCC_WARN_ABOUT_RETURN_TYPE = YES_ERROR;
				GCC_WARN_UNDECLARED_SELECTOR = YES;
				GCC_WARN_UNINITIALIZED_AUTOS = YES_AGGRESSIVE;
				GCC_WARN_UNUSED_FUNCTION = YES;
				GCC_WARN_UNUSED_VARIABLE = YES;
				IPHONEOS_DEPLOYMENT_TARGET = 12.1;
				MTL_ENABLE_DEBUG_INFO = NO;
				MTL_FAST_MATH = YES;
				SDKROOT = iphoneos;
				SWIFT_COMPILATION_MODE = wholemodule;
				SWIFT_OPTIMIZATION_LEVEL = "-O";
				VALIDATE_PRODUCT = YES;
			};
			name = Release;
		};
		4EEE315721E906CE002E0E3C /* Debug */ = {
			isa = XCBuildConfiguration;
			buildSettings = {
				ASSETCATALOG_COMPILER_APPICON_NAME = AppIcon;
				CODE_SIGN_STYLE = Automatic;
				DEVELOPMENT_TEAM = Y2BQNTK2B8;
				INFOPLIST_FILE = GPSApp/Info.plist;
				IPHONEOS_DEPLOYMENT_TARGET = 11.5;
				LD_RUNPATH_SEARCH_PATHS = (
					"$(inherited)",
					"@executable_path/Frameworks",
				);
				PRODUCT_BUNDLE_IDENTIFIER = "Nico-D.GPSApp";
				PRODUCT_NAME = "$(TARGET_NAME)";
				SWIFT_VERSION = 4.2;
				TARGETED_DEVICE_FAMILY = "1,2";
			};
			name = Debug;
		};
		4EEE315821E906CE002E0E3C /* Release */ = {
			isa = XCBuildConfiguration;
			buildSettings = {
				ASSETCATALOG_COMPILER_APPICON_NAME = AppIcon;
				CODE_SIGN_STYLE = Automatic;
				DEVELOPMENT_TEAM = Y2BQNTK2B8;
				INFOPLIST_FILE = GPSApp/Info.plist;
				IPHONEOS_DEPLOYMENT_TARGET = 11.5;
				LD_RUNPATH_SEARCH_PATHS = (
					"$(inherited)",
					"@executable_path/Frameworks",
				);
				PRODUCT_BUNDLE_IDENTIFIER = "Nico-D.GPSApp";
				PRODUCT_NAME = "$(TARGET_NAME)";
				SWIFT_VERSION = 4.2;
				TARGETED_DEVICE_FAMILY = "1,2";
			};
			name = Release;
		};
/* End XCBuildConfiguration section */

/* Begin XCConfigurationList section */
		4EEE313F21E906CB002E0E3C /* Build configuration list for PBXProject "GPSApp" */ = {
			isa = XCConfigurationList;
			buildConfigurations = (
				4EEE315421E906CE002E0E3C /* Debug */,
				4EEE315521E906CE002E0E3C /* Release */,
			);
			defaultConfigurationIsVisible = 0;
			defaultConfigurationName = Release;
		};
		4EEE315621E906CE002E0E3C /* Build configuration list for PBXNativeTarget "GPSApp" */ = {
			isa = XCConfigurationList;
			buildConfigurations = (
				4EEE315721E906CE002E0E3C /* Debug */,
				4EEE315821E906CE002E0E3C /* Release */,
			);
			defaultConfigurationIsVisible = 0;
			defaultConfigurationName = Release;
		};
/* End XCConfigurationList section */
	};
	rootObject = 4EEE313C21E906CB002E0E3C /* Project object */;
}
